
Microsoft Visual Studio Solution File, Format Version 12.00
# Visual Studio Version 16
VisualStudioVersion = 16.0.29920.165
MinimumVisualStudioVersion = 10.0.40219.1
Project("{9A19103F-16F7-4668-BE54-9A1E7A4F7556}") = "DataPrivilege", "src\DataPrivilege.csproj", "{0F614257-F72D-4CBB-89A1-30EA01275031}"
EndProject
Project("{2150E333-8FDC-42A3-9474-1A3956D46DE8}") = "src", "src", "{8DD8A48C-3D09-4CDE-B279-1C8CF61F69F7}"
EndProject
Project("{2150E333-8FDC-42A3-9474-1A3956D46DE8}") = "test", "test", "{E2CBF45F-75D2-41ED-84A1-C7321002C6AB}"
EndProject
Project("{FAE04EC0-301F-11D3-BF4B-00C04F79EFBC}") = "DataPrivilegeTest", "test\DataPrivilegeTest\DataPrivilegeTest.csproj", "{42DD5C7F-7467-4ECA-A312-173B9DC96171}"
EndProject
Global
	GlobalSection(SolutionConfigurationPlatforms) = preSolution
		Debug|Any CPU = Debug|Any CPU
		Release|Any CPU = Release|Any CPU
	EndGlobalSection
	GlobalSection(ProjectConfigurationPlatforms) = postSolution
		{0F614257-F72D-4CBB-89A1-30EA01275031}.Debug|Any CPU.ActiveCfg = Debug|Any CPU
		{0F614257-F72D-4CBB-89A1-30EA01275031}.Debug|Any CPU.Build.0 = Debug|Any CPU
		{0F614257-F72D-4CBB-89A1-30EA01275031}.Release|Any CPU.ActiveCfg = Release|Any CPU
		{0F614257-F72D-4CBB-89A1-30EA01275031}.Release|Any CPU.Build.0 = Release|Any CPU
		{42DD5C7F-7467-4ECA-A312-173B9DC96171}.Debug|Any CPU.ActiveCfg = Debug|Any CPU
		{42DD5C7F-7467-4ECA-A312-173B9DC96171}.Debug|Any CPU.Build.0 = Debug|Any CPU
		{42DD5C7F-7467-4ECA-A312-173B9DC96171}.Release|Any CPU.ActiveCfg = Release|Any CPU
		{42DD5C7F-7467-4ECA-A312-173B9DC96171}.Release|Any CPU.Build.0 = Release|Any CPU
	EndGlobalSection
	GlobalSection(SolutionProperties) = preSolution
		HideSolutionNode = FALSE
	EndGlobalSection
	GlobalSection(NestedProjects) = preSolution
		{0F614257-F72D-4CBB-89A1-30EA01275031} = {8DD8A48C-3D09-4CDE-B279-1C8CF61F69F7}
		{42DD5C7F-7467-4ECA-A312-173B9DC96171} = {E2CBF45F-75D2-41ED-84A1-C7321002C6AB}
	EndGlobalSection
	GlobalSection(ExtensibilityGlobals) = postSolution
		SolutionGuid = {579506E5-F6B3-4147-9EDA-4F75BA5A5154}
	EndGlobalSection
EndGlobal
