
Microsoft Visual Studio Solution File, Format Version 12.00
# Visual Studio Version 16
VisualStudioVersion = 16.0.29920.165
MinimumVisualStudioVersion = 10.0.40219.1
Project("{FAE04EC0-301F-11D3-BF4B-00C04F79EFBC}") = "DataPrivilege", "DataPrivilege.csproj", "{0F614257-F72D-4CBB-89A1-30EA01275031}"
EndProject
Global
	GlobalSection(SolutionConfigurationPlatforms) = preSolution
		Debug|Any CPU = Debug|Any CPU
		Release|Any CPU = Release|Any CPU
	EndGlobalSection
	GlobalSection(ProjectConfigurationPlatforms) = postSolution
		{0F614257-F72D-4CBB-89A1-30EA01275031}.Debug|Any CPU.ActiveCfg = Debug|Any CPU
		{0F614257-F72D-4CBB-89A1-30EA01275031}.Debug|Any CPU.Build.0 = Debug|Any CPU
		{0F614257-F72D-4CBB-89A1-30EA01275031}.Release|Any CPU.ActiveCfg = Release|Any CPU
		{0F614257-F72D-4CBB-89A1-30EA01275031}.Release|Any CPU.Build.0 = Release|Any CPU
	EndGlobalSection
	GlobalSection(SolutionProperties) = preSolution
		HideSolutionNode = FALSE
	EndGlobalSection
	GlobalSection(ExtensibilityGlobals) = postSolution
		SolutionGuid = {579506E5-F6B3-4147-9EDA-4F75BA5A5154}
	EndGlobalSection
EndGlobal
